github.com/bwmarrin/snowflake v0.3.0 h1:xm67bEhkKh6ij1790JB83OujPR5CzNe8QuQqAgISZN0=
github.com/bwmarrin/snowflake v0.3.0/go.mod h1:NdZxfVWX+oR6y2K0o6qAYv6gIOP9rjG0/E9WsDpxqwE=
github.com/galaxy-kit/galaxy-go v0.0.0-20221118074900-02db7ec6055a h1:n2hmIzZNIWMWPqZw+8oQwW6yyF2OVXVtzKoLJ7FRzWw=
github.com/galaxy-kit/galaxy-go v0.0.0-20221118074900-02db7ec6055a/go.mod h1:gxwFY/qh9BJQrqz8NFR0dVmzCZzFoJX4g1Zez8o5gGI=
